
Microsoft Visual Studio Solution File, Format Version 12.00
# Visual Studio 15
VisualStudioVersion = 15.0.27703.2035
MinimumVisualStudioVersion = 10.0.40219.1
Project("{FAE04EC0-301F-11D3-BF4B-00C04F79EFBC}") = "ClarionSupport", "ClarionSupport\ClarionSupport.csproj", "{D08D5CB4-BEEE-4DBC-996B-651B8E2CD2DC}"
EndProject
Project("{2150E333-8FDC-42A3-9474-1A3956D46DE8}") = "Solution Items", "Solution Items", "{CA976081-2569-4B0D-AFD3-2641DD7EB782}"
EndProject
Global
	GlobalSection(SolutionConfigurationPlatforms) = preSolution
		Debug|Any CPU = Debug|Any CPU
		Release|Any CPU = Release|Any CPU
	EndGlobalSection
	GlobalSection(ProjectConfigurationPlatforms) = postSolution
		{D08D5CB4-BEEE-4DBC-996B-651B8E2CD2DC}.Debug|Any CPU.ActiveCfg = Debug|Any CPU
		{D08D5CB4-BEEE-4DBC-996B-651B8E2CD2DC}.Debug|Any CPU.Build.0 = Debug|Any CPU
		{D08D5CB4-BEEE-4DBC-996B-651B8E2CD2DC}.Release|Any CPU.ActiveCfg = Release|Any CPU
		{D08D5CB4-BEEE-4DBC-996B-651B8E2CD2DC}.Release|Any CPU.Build.0 = Release|Any CPU
	EndGlobalSection
	GlobalSection(SolutionProperties) = preSolution
		HideSolutionNode = FALSE
	EndGlobalSection
	GlobalSection(ExtensibilityGlobals) = postSolution
		SolutionGuid = {8554D87D-FE55-4103-8305-4ABC542B9299}
	EndGlobalSection
EndGlobal
